
Microsoft Visual Studio Solution File, Format Version 12.00
# Visual Studio 14
VisualStudioVersion = 14.0.25420.1
MinimumVisualStudioVersion = 10.0.40219.1
Project("{FAE04EC0-301F-11D3-BF4B-00C04F79EFBC}") = "VTree", "VTree\VTree.csproj", "{375E4248-3D4A-40FE-8492-D5595CF9CD15}"
EndProject
Project("{FAE04EC0-301F-11D3-BF4B-00C04F79EFBC}") = "VTreeTest", "VTreeTest\VTreeTest.csproj", "{3172635F-D37D-408C-B551-B066663DEBC5}"
EndProject
Global
	GlobalSection(SolutionConfigurationPlatforms) = preSolution
		Debug|Any CPU = Debug|Any CPU
		Release|Any CPU = Release|Any CPU
	EndGlobalSection
	GlobalSection(ProjectConfigurationPlatforms) = postSolution
		{375E4248-3D4A-40FE-8492-D5595CF9CD15}.Debug|Any CPU.ActiveCfg = Debug|Any CPU
		{375E4248-3D4A-40FE-8492-D5595CF9CD15}.Debug|Any CPU.Build.0 = Debug|Any CPU
		{375E4248-3D4A-40FE-8492-D5595CF9CD15}.Release|Any CPU.ActiveCfg = Release|Any CPU
		{375E4248-3D4A-40FE-8492-D5595CF9CD15}.Release|Any CPU.Build.0 = Release|Any CPU
		{3172635F-D37D-408C-B551-B066663DEBC5}.Debug|Any CPU.ActiveCfg = Debug|Any CPU
		{3172635F-D37D-408C-B551-B066663DEBC5}.Debug|Any CPU.Build.0 = Debug|Any CPU
		{3172635F-D37D-408C-B551-B066663DEBC5}.Release|Any CPU.ActiveCfg = Release|Any CPU
		{3172635F-D37D-408C-B551-B066663DEBC5}.Release|Any CPU.Build.0 = Release|Any CPU
	EndGlobalSection
	GlobalSection(SolutionProperties) = preSolution
		HideSolutionNode = FALSE
	EndGlobalSection
EndGlobal
